
Microsoft Visual Studio Solution File, Format Version 12.00
# Visual Studio Version 16
VisualStudioVersion = 16.0.30523.141
MinimumVisualStudioVersion = 10.0.40219.1
Project("{8BC9CEB8-8B4A-11D0-8D11-00A0C91BC942}") = "matrix_f", "matrix_f\matrix_f.vcxproj", "{6B94C093-E0AF-440F-8F3F-80D5E1715C17}"
EndProject
Global
	GlobalSection(SolutionConfigurationPlatforms) = preSolution
		Debug|x64 = Debug|x64
		Debug|x86 = Debug|x86
		Release|x64 = Release|x64
		Release|x86 = Release|x86
	EndGlobalSection
	GlobalSection(ProjectConfigurationPlatforms) = postSolution
		{6B94C093-E0AF-440F-8F3F-80D5E1715C17}.Debug|x64.ActiveCfg = Debug|x64
		{6B94C093-E0AF-440F-8F3F-80D5E1715C17}.Debug|x64.Build.0 = Debug|x64
		{6B94C093-E0AF-440F-8F3F-80D5E1715C17}.Debug|x86.ActiveCfg = Debug|Win32
		{6B94C093-E0AF-440F-8F3F-80D5E1715C17}.Debug|x86.Build.0 = Debug|Win32
		{6B94C093-E0AF-440F-8F3F-80D5E1715C17}.Release|x64.ActiveCfg = Release|x64
		{6B94C093-E0AF-440F-8F3F-80D5E1715C17}.Release|x64.Build.0 = Release|x64
		{6B94C093-E0AF-440F-8F3F-80D5E1715C17}.Release|x86.ActiveCfg = Release|Win32
		{6B94C093-E0AF-440F-8F3F-80D5E1715C17}.Release|x86.Build.0 = Release|Win32
	EndGlobalSection
	GlobalSection(SolutionProperties) = preSolution
		HideSolutionNode = FALSE
	EndGlobalSection
	GlobalSection(ExtensibilityGlobals) = postSolution
		SolutionGuid = {3D7462C6-93D3-4CE0-83E2-C697FDF904D7}
	EndGlobalSection
EndGlobal
